# This file is automatically @generated by Poetry 1.5.1 and should not be changed by hand.

[[package]]
name = "railroad-diagrams"
version = "3.0.1"
description = "Generate SVG railroad syntax diagrams, like on JSON.org."
optional = false
python-versions = ">=3.7"
files = [
    {file = "railroad-diagrams-3.0.1.tar.gz", hash = "sha256:a91332bac900cb3c367331fa9b699f0897bcf86b7264f65458675df430d04ce3"},
    {file = "railroad_diagrams-3.0.1-py3-none-any.whl", hash = "sha256:d414ff2439ed53345950e197938097548721b5d097926fafeaabc2bb069b44f9"},
]

[metadata]
lock-version = "2.0"
python-versions = "^3.9"
content-hash = "15066887100fa0ab8513e027ef7fb8698df0012f78dee18e82cc1484c7712c25"
